
Microsoft Visual Studio Solution File, Format Version 12.00
# Visual Studio 15
VisualStudioVersion = 15.0.27703.2042
MinimumVisualStudioVersion = 10.0.40219.1
Project("{FAE04EC0-301F-11D3-BF4B-00C04F79EFBC}") = "IdFix", "IdFix\IdFix.csproj", "{DE4A2049-1BF6-4CFF-B5F8-796DE314455F}"
EndProject
Global
	GlobalSection(SolutionConfigurationPlatforms) = preSolution
		Debug|x64 = Debug|x64
		Debug|x86 = Debug|x86
		Release|x64 = Release|x64
		Release|x86 = Release|x86
	EndGlobalSection
	GlobalSection(ProjectConfigurationPlatforms) = postSolution
		{DE4A2049-1BF6-4CFF-B5F8-796DE314455F}.Debug|x64.ActiveCfg = Debug|x64
		{DE4A2049-1BF6-4CFF-B5F8-796DE314455F}.Debug|x64.Build.0 = Debug|x64
		{DE4A2049-1BF6-4CFF-B5F8-796DE314455F}.Debug|x86.ActiveCfg = Debug|x86
		{DE4A2049-1BF6-4CFF-B5F8-796DE314455F}.Debug|x86.Build.0 = Debug|x86
		{DE4A2049-1BF6-4CFF-B5F8-796DE314455F}.Release|x64.ActiveCfg = Release|x64
		{DE4A2049-1BF6-4CFF-B5F8-796DE314455F}.Release|x64.Build.0 = Release|x64
		{DE4A2049-1BF6-4CFF-B5F8-796DE314455F}.Release|x86.ActiveCfg = Release|x86
		{DE4A2049-1BF6-4CFF-B5F8-796DE314455F}.Release|x86.Build.0 = Release|x86
	EndGlobalSection
	GlobalSection(SolutionProperties) = preSolution
		HideSolutionNode = FALSE
	EndGlobalSection
	GlobalSection(ExtensibilityGlobals) = postSolution
		SolutionGuid = {19E31C07-B432-4349-8CCC-849BEBCF67D3}
	EndGlobalSection
EndGlobal
